
Microsoft Visual Studio Solution File, Format Version 12.00
# Visual Studio Version 17
VisualStudioVersion = 17.13.35913.81 d17.13
MinimumVisualStudioVersion = 10.0.40219.1
Project("{FAE04EC0-301F-11D3-BF4B-00C04F79EFBC}") = "DocuCraft", "DocuCraft\DocuCraft.csproj", "{866974FC-8CF8-4490-A5ED-3C727BE879CA}"
EndProject
Global
	GlobalSection(SolutionConfigurationPlatforms) = preSolution
		Debug|Any CPU = Debug|Any CPU
		Release|Any CPU = Release|Any CPU
	EndGlobalSection
	GlobalSection(ProjectConfigurationPlatforms) = postSolution
		{866974FC-8CF8-4490-A5ED-3C727BE879CA}.Debug|Any CPU.ActiveCfg = Debug|Any CPU
		{866974FC-8CF8-4490-A5ED-3C727BE879CA}.Debug|Any CPU.Build.0 = Debug|Any CPU
		{866974FC-8CF8-4490-A5ED-3C727BE879CA}.Release|Any CPU.ActiveCfg = Release|Any CPU
		{866974FC-8CF8-4490-A5ED-3C727BE879CA}.Release|Any CPU.Build.0 = Release|Any CPU
	EndGlobalSection
	GlobalSection(SolutionProperties) = preSolution
		HideSolutionNode = FALSE
	EndGlobalSection
	GlobalSection(ExtensibilityGlobals) = postSolution
		SolutionGuid = {77FBFBB2-1725-4A0D-A66E-27E9D7DAEF3B}
	EndGlobalSection
EndGlobal
